{
  "name": "backbase-theme",
  "version": "1.0.0",
  "lockfileVersion": 1,
  "requires": true,
  "dependencies": {
    "angular": {
      "version": "1.7.9",
      "resolved": "https://registry.npmjs.org/angular/-/angular-1.7.9.tgz",
      "integrity": "sha512-5se7ZpcOtu0MBFlzGv5dsM1quQDoDeUTwZrWjGtTNA7O88cD8TEk5IEKCTDa3uECV9XnvKREVUr7du1ACiWGFQ=="
    },
    "angular-cookies": {
      "version": "1.7.9",
      "resolved": "https://registry.npmjs.org/angular-cookies/-/angular-cookies-1.7.9.tgz",
      "integrity": "sha512-3eRq/aPrtCZKDWQnc3nW3sFoMbLiHkCkyDF2O9u7VXnqvVsUPaipk5R1ZqahgcSQHQrN/F5IU4T4nrz52qAZmA=="
    },
    "angular-resource": {
      "version": "1.7.9",
      "resolved": "https://registry.npmjs.org/angular-resource/-/angular-resource-1.7.9.tgz",
      "integrity": "sha512-rXXhCE2qT31Pn4Sl+2XL+ntv4zxnA2OzY+clCl8/pOp/s/gIzxpQlEtXipo3QK8Qur3glbIkeF/bJw+gjVAdUw=="
    },
    "angular-route": {
      "version": "1.7.9",
      "resolved": "https://registry.npmjs.org/angular-route/-/angular-route-1.7.9.tgz",
      "integrity": "sha512-vRoj5hzdQtWbODhWJqDzD1iNOEfCKshO6GFBuPVV7RHlPjzIc4R2dHCc7Qiv/8F3LDxJDohc6vSnTDMLHuaqeA=="
    },
    "angular-sanitize": {
      "version": "1.7.9",
      "resolved": "https://registry.npmjs.org/angular-sanitize/-/angular-sanitize-1.7.9.tgz",
      "integrity": "sha512-nB/xe7JQWF9nLvhHommAICQ3eWrfRETo0EVGFESi952CDzDa+GAJ/2BFBNw44QqQPxj1Xua/uYKrbLsOGWZdbQ=="
    },
    "angular-translate": {
      "version": "2.18.1",
      "resolved": "https://registry.npmjs.org/angular-translate/-/angular-translate-2.18.1.tgz",
      "integrity": "sha512-Mw0kFBqsv5j8ItL9IhRZunIlVmIRW6iFsiTmRs9wGr2QTt8z4rehYlWyHos8qnXc/kyOYJiW50iH50CSNHGB9A==",
      "requires": {
        "angular": ">=1.2.26 <=1.7"
      }
    },
    "angular-translate-loader-url": {
      "version": "2.18.1",
      "resolved": "https://registry.npmjs.org/angular-translate-loader-url/-/angular-translate-loader-url-2.18.1.tgz",
      "integrity": "sha512-BH7HQkg6PEaFNeyMiifXwwK6WNT4OvmgfEvznx6+A5Kp8O2eU7nFZREP/Tl+NqxYYaSQDAKfwRxrjq0q/Q+LHQ==",
      "requires": {
        "angular-translate": "~2.18.1"
      }
    },
    "angular-ui-select2": {
      "version": "0.0.5",
      "resolved": "https://registry.npmjs.org/angular-ui-select2/-/angular-ui-select2-0.0.5.tgz",
      "integrity": "sha1-FedkOv1pypBj1AXrO+L5XdXsh/U="
    },
    "autofill-event": {
      "version": "0.0.1",
      "resolved": "https://registry.npmjs.org/autofill-event/-/autofill-event-0.0.1.tgz",
      "integrity": "sha1-w4LPmJshth/0oSs1l+GUNHHTz3o="
    },
    "jquery": {
      "version": "3.5.1",
      "resolved": "https://registry.npmjs.org/jquery/-/jquery-3.5.1.tgz",
      "integrity": "sha512-XwIBPqcMn57FxfT+Go5pzySnm4KWkT1Tv7gjrpT1srtf8Weynl6R273VJ5GjkRb51IzMp5nbaPjJXMWeju2MKg=="
    },
    "select2": {
      "version": "3.5.1",
      "resolved": "https://registry.npmjs.org/select2/-/select2-3.5.1.tgz",
      "integrity": "sha1-8oGUibvGX9bTKL5yu+K5XdfofP4="
    },
    "text-security": {
      "version": "1.0.1",
      "resolved": "https://registry.npmjs.org/text-security/-/text-security-1.0.1.tgz",
      "integrity": "sha512-Y5fStAKoEvLr6h2oz/nkSm+P3b5f3t+JAnNkycFJr15mz32XvrfBONjO+fNAnKaP5+YuD69tVNmlmKmfZu9ZGw=="
    }
  }
}
